
Microsoft Visual Studio Solution File, Format Version 12.00
# Visual Studio 2013
VisualStudioVersion = 12.0.30501.0
MinimumVisualStudioVersion = 10.0.40219.1
Project("{FAE04EC0-301F-11D3-BF4B-00C04F79EFBC}") = "AngularMCV", "AngularMCV\AngularMCV.csproj", "{A315046F-4C0D-4F7C-A2AF-439ACE78463A}"
EndProject
Global
	GlobalSection(SolutionConfigurationPlatforms) = preSolution
		Debug|Any CPU = Debug|Any CPU
		Release|Any CPU = Release|Any CPU
	EndGlobalSection
	GlobalSection(ProjectConfigurationPlatforms) = postSolution
		{A315046F-4C0D-4F7C-A2AF-439ACE78463A}.Debug|Any CPU.ActiveCfg = Debug|Any CPU
		{A315046F-4C0D-4F7C-A2AF-439ACE78463A}.Debug|Any CPU.Build.0 = Debug|Any CPU
		{A315046F-4C0D-4F7C-A2AF-439ACE78463A}.Release|Any CPU.ActiveCfg = Release|Any CPU
		{A315046F-4C0D-4F7C-A2AF-439ACE78463A}.Release|Any CPU.Build.0 = Release|Any CPU
	EndGlobalSection
	GlobalSection(SolutionProperties) = preSolution
		HideSolutionNode = FALSE
	EndGlobalSection
EndGlobal
